PODS:
  - GPUImage (0.1.7)
  - HHUIBase_OC (0.1.2):
    - MJExtension
  - MJExtension (3.1.1)

DEPENDENCIES:
  - GPUImage
  - HHUIBase_OC (from `https://github.com/aStudyer/HHUIBase_OC.git`)

SPEC REPOS:
  https://github.com/cocoapods/specs.git:
    - GPUImage
    - MJExtension

EXTERNAL SOURCES:
  HHUIBase_OC:
    :git: https://github.com/aStudyer/HHUIBase_OC.git

CHECKOUT OPTIONS:
  HHUIBase_OC:
    :commit: f5d4ec6af0d4deb64651d8b6e0a9e4a97f2a84a5
    :git: https://github.com/aStudyer/HHUIBase_OC.git

SPEC CHECKSUMS:
  GPUImage: 733a5f0fab92df9de1c37ba9df520a833ccb406d
  HHUIBase_OC: 8f78634ad078c526cb4b7a7f0802626ddb411887
  MJExtension: dfef9855ee178e1ce67f3e03b71ca4226330d87d

PODFILE CHECKSUM: 73d056e5814d21ebb8a637161bcb1ed9cca9e966

COCOAPODS: 1.6.1
